
Microsoft Visual Studio Solution File, Format Version 12.00
# Visual Studio Version 17
VisualStudioVersion = 17.11.35327.3
MinimumVisualStudioVersion = 10.0.40219.1
Project("{FAE04EC0-301F-11D3-BF4B-00C04F79EFBC}") = "WebProgrammingDemoProject", "WebProgrammingDemoProject\WebProgrammingDemoProject.csproj", "{976C8E91-3188-40EB-A82B-C44895E3C1A6}"
EndProject
Global
	GlobalSection(SolutionConfigurationPlatforms) = preSolution
		Debug|Any CPU = Debug|Any CPU
		Release|Any CPU = Release|Any CPU
	EndGlobalSection
	GlobalSection(ProjectConfigurationPlatforms) = postSolution
		{976C8E91-3188-40EB-A82B-C44895E3C1A6}.Debug|Any CPU.ActiveCfg = Debug|Any CPU
		{976C8E91-3188-40EB-A82B-C44895E3C1A6}.Debug|Any CPU.Build.0 = Debug|Any CPU
		{976C8E91-3188-40EB-A82B-C44895E3C1A6}.Release|Any CPU.ActiveCfg = Release|Any CPU
		{976C8E91-3188-40EB-A82B-C44895E3C1A6}.Release|Any CPU.Build.0 = Release|Any CPU
	EndGlobalSection
	GlobalSection(SolutionProperties) = preSolution
		HideSolutionNode = FALSE
	EndGlobalSection
	GlobalSection(ExtensibilityGlobals) = postSolution
		SolutionGuid = {BB0700FE-A3D8-4D35-B0BC-DC199598515D}
	EndGlobalSection
EndGlobal
